// !$*UTF8*$!
{
	archiveVersion = 1;
	classes = {
	};
	objectVersion = 55;
	objects = {

/* Begin PBXBuildFile section */
		BB111C9D2AC8802E00F5BE8B /* ListRowView.swift in Sources */ = {isa = PBXBuildFile; fileRef = BB111C9C2AC8802E00F5BE8B /* ListRowView.swift */; };
		BBCA86B92A8810FA0030B459 /* To_Do_ListApp.swift in Sources */ = {isa = PBXBuildFile; fileRef = BBCA86B82A8810FA0030B459 /* To_Do_ListApp.swift */; };
		BBCA86BB2A8810FA0030B459 /* ContentView.swift in Sources */ = {isa = PBXBuildFile; fileRef = BBCA86BA2A8810FA0030B459 /* ContentView.swift */; };
		BBCA86BD2A8810FA0030B459 /* Assets.xcassets in Resources */ = {isa = PBXBuildFile; fileRef = BBCA86BC2A8810FA0030B459 /* Assets.xcassets */; };
		BBCA86C02A8810FA0030B459 /* Preview Assets.xcassets in Resources */ = {isa = PBXBuildFile; fileRef = BBCA86BF2A8810FA0030B459 /* Preview Assets.xcassets */; };
		BBCA86C82A8811F90030B459 /* ItemModel.swift in Sources */ = {isa = PBXBuildFile; fileRef = BBCA86C72A8811F90030B459 /* ItemModel.swift */; };
		BBCA86CC2A88EF020030B459 /* ListViewModel.swift in Sources */ = {isa = PBXBuildFile; fileRef = BBCA86CB2A88EF020030B459 /* ListViewModel.swift */; };
		BBCA86CE2A8A84BE0030B459 /* ListView.swift in Sources */ = {isa = PBXBuildFile; fileRef = BBCA86CD2A8A84BE0030B459 /* ListView.swift */; };
		BBD671B62AC60F7F0094EEBC /* AddView.swift in Sources */ = {isa = PBXBuildFile; fileRef = BBD671B52AC60F7F0094EEBC /* AddView.swift */; };
/* End PBXBuildFile section */

/* Begin PBXFileReference section */
		BB111C9C2AC8802E00F5BE8B /* ListRowView.swift */ = {isa = PBXFileReference; lastKnownFileType = sourcecode.swift; path = ListRowView.swift; sourceTree = "<group>"; };
		BBCA86B52A8810FA0030B459 /* To-Do.List.app */ = {isa = PBXFileReference; explicitFileType = wrapper.application; includeInIndex = 0; path = "To-Do.List.app"; sourceTree = BUILT_PRODUCTS_DIR; };
		BBCA86B82A8810FA0030B459 /* To_Do_ListApp.swift */ = {isa = PBXFileReference; lastKnownFileType = sourcecode.swift; path = To_Do_ListApp.swift; sourceTree = "<group>"; };
		BBCA86BA2A8810FA0030B459 /* ContentView.swift */ = {isa = PBXFileReference; lastKnownFileType = sourcecode.swift; path = ContentView.swift; sourceTree = "<group>"; };
		BBCA86BC2A8810FA0030B459 /* Assets.xcassets */ = {isa = PBXFileReference; lastKnownFileType = folder.assetcatalog; path = Assets.xcassets; sourceTree = "<group>"; };
		BBCA86BF2A8810FA0030B459 /* Preview Assets.xcassets */ = {isa = PBXFileReference; lastKnownFileType = folder.assetcatalog; path = "Preview Assets.xcassets"; sourceTree = "<group>"; };
		BBCA86C72A8811F90030B459 /* ItemModel.swift */ = {isa = PBXFileReference; lastKnownFileType = sourcecode.swift; path = ItemModel.swift; sourceTree = "<group>"; };
		BBCA86CB2A88EF020030B459 /* ListViewModel.swift */ = {isa = PBXFileReference; lastKnownFileType = sourcecode.swift; path = ListViewModel.swift; sourceTree = "<group>"; };
		BBCA86CD2A8A84BE0030B459 /* ListView.swift */ = {isa = PBXFileReference; lastKnownFileType = sourcecode.swift; path = ListView.swift; sourceTree = "<group>"; };
		BBD671B52AC60F7F0094EEBC /* AddView.swift */ = {isa = PBXFileReference; lastKnownFileType = sourcecode.swift; path = AddView.swift; sourceTree = "<group>"; };
/* End PBXFileReference section */

/* Begin PBXFrameworksBuildPhase section */
		BBCA86B22A8810FA0030B459 /* Frameworks */ = {
			isa = PBXFrameworksBuildPhase;
			buildActionMask = 2147483647;
			files = (
			);
			runOnlyForDeploymentPostprocessing = 0;
		};
/* End PBXFrameworksBuildPhase section */

/* Begin PBXGroup section */
		BBCA86AC2A8810FA0030B459 = {
			isa = PBXGroup;
			children = (
				BBCA86B72A8810FA0030B459 /* To-Do.List */,
				BBCA86B62A8810FA0030B459 /* Products */,
			);
			sourceTree = "<group>";
		};
		BBCA86B62A8810FA0030B459 /* Products */ = {
			isa = PBXGroup;
			children = (
				BBCA86B52A8810FA0030B459 /* To-Do.List.app */,
			);
			name = Products;
			sourceTree = "<group>";
		};
		BBCA86B72A8810FA0030B459 /* To-Do.List */ = {
			isa = PBXGroup;
			children = (
				BBCA86CA2A88EEBC0030B459 /* ViewModels */,
				BBCA86C92A88EE870030B459 /* Views */,
				BBCA86B82A8810FA0030B459 /* To_Do_ListApp.swift */,
				BBCA86BA2A8810FA0030B459 /* ContentView.swift */,
				BBCA86C62A8811DF0030B459 /* Models */,
				BBCA86BC2A8810FA0030B459 /* Assets.xcassets */,
				BBCA86BE2A8810FA0030B459 /* Preview Content */,
			);
			path = "To-Do.List";
			sourceTree = "<group>";
		};
		BBCA86BE2A8810FA0030B459 /* Preview Content */ = {
			isa = PBXGroup;
			children = (
				BBCA86BF2A8810FA0030B459 /* Preview Assets.xcassets */,
			);
			path = "Preview Content";
			sourceTree = "<group>";
		};
		BBCA86C62A8811DF0030B459 /* Models */ = {
			isa = PBXGroup;
			children = (
				BBCA86C72A8811F90030B459 /* ItemModel.swift */,
			);
			path = Models;
			sourceTree = "<group>";
		};
		BBCA86C92A88EE870030B459 /* Views */ = {
			isa = PBXGroup;
			children = (
				BBCA86CD2A8A84BE0030B459 /* ListView.swift */,
				BB111C9C2AC8802E00F5BE8B /* ListRowView.swift */,
				BBD671B52AC60F7F0094EEBC /* AddView.swift */,
			);
			path = Views;
			sourceTree = "<group>";
		};
		BBCA86CA2A88EEBC0030B459 /* ViewModels */ = {
			isa = PBXGroup;
			children = (
				BBCA86CB2A88EF020030B459 /* ListViewModel.swift */,
			);
			path = ViewModels;
			sourceTree = "<group>";
		};
/* End PBXGroup section */

/* Begin PBXNativeTarget section */
		BBCA86B42A8810FA0030B459 /* To-Do.List */ = {
			isa = PBXNativeTarget;
			buildConfigurationList = BBCA86C32A8810FA0030B459 /* Build configuration list for PBXNativeTarget "To-Do.List" */;
			buildPhases = (
				BBCA86B12A8810FA0030B459 /* Sources */,
				BBCA86B22A8810FA0030B459 /* Frameworks */,
				BBCA86B32A8810FA0030B459 /* Resources */,
			);
			buildRules = (
			);
			dependencies = (
			);
			name = "To-Do.List";
			productName = "To-Do.List";
			productReference = BBCA86B52A8810FA0030B459 /* To-Do.List.app */;
			productType = "com.apple.product-type.application";
		};
/* End PBXNativeTarget section */

/* Begin PBXProject section */
		BBCA86AD2A8810FA0030B459 /* Project object */ = {
			isa = PBXProject;
			attributes = {
				BuildIndependentTargetsInParallel = 1;
				LastSwiftUpdateCheck = 1340;
				LastUpgradeCheck = 1340;
				TargetAttributes = {
					BBCA86B42A8810FA0030B459 = {
						CreatedOnToolsVersion = 13.4.1;
					};
				};
			};
			buildConfigurationList = BBCA86B02A8810FA0030B459 /* Build configuration list for PBXProject "To-Do.List" */;
			compatibilityVersion = "Xcode 13.0";
			developmentRegion = en;
			hasScannedForEncodings = 0;
			knownRegions = (
				en,
				Base,
			);
			mainGroup = BBCA86AC2A8810FA0030B459;
			productRefGroup = BBCA86B62A8810FA0030B459 /* Products */;
			projectDirPath = "";
			projectRoot = "";
			targets = (
				BBCA86B42A8810FA0030B459 /* To-Do.List */,
			);
		};
/* End PBXProject section */

/* Begin PBXResourcesBuildPhase section */
		BBCA86B32A8810FA0030B459 /* Resources */ = {
			isa = PBXResourcesBuildPhase;
			buildActionMask = 2147483647;
			files = (
				BBCA86C02A8810FA0030B459 /* Preview Assets.xcassets in Resources */,
				BBCA86BD2A8810FA0030B459 /* Assets.xcassets in Resources */,
			);
			runOnlyForDeploymentPostprocessing = 0;
		};
/* End PBXResourcesBuildPhase section */

/* Begin PBXSourcesBuildPhase section */
		BBCA86B12A8810FA0030B459 /* Sources */ = {
			isa = PBXSourcesBuildPhase;
			buildActionMask = 2147483647;
			files = (
				BBD671B62AC60F7F0094EEBC /* AddView.swift in Sources */,
				BBCA86C82A8811F90030B459 /* ItemModel.swift in Sources */,
				BBCA86BB2A8810FA0030B459 /* ContentView.swift in Sources */,
				BBCA86CE2A8A84BE0030B459 /* ListView.swift in Sources */,
				BBCA86CC2A88EF020030B459 /* ListViewModel.swift in Sources */,
				BBCA86B92A8810FA0030B459 /* To_Do_ListApp.swift in Sources */,
				BB111C9D2AC8802E00F5BE8B /* ListRowView.swift in Sources */,
			);
			runOnlyForDeploymentPostprocessing = 0;
		};
/* End PBXSourcesBuildPhase section */

/* Begin XCBuildConfiguration section */
		BBCA86C12A8810FA0030B459 /* Debug */ = {
			isa = XCBuildConfiguration;
			buildSettings = {
				ALWAYS_SEARCH_USER_PATHS = NO;
				CLANG_ANALYZER_NONNULL = YES;
				CLANG_ANALYZER_NUMBER_OBJECT_CONVERSION = YES_AGGRESSIVE;
				CLANG_CXX_LANGUAGE_STANDARD = "gnu++17";
				CLANG_ENABLE_MODULES = YES;
				CLANG_ENABLE_OBJC_ARC = YES;
				CLANG_ENABLE_OBJC_WEAK = YES;
				CLANG_WARN_BLOCK_CAPTURE_AUTORELEASING = YES;
				CLANG_WARN_BOOL_CONVERSION = YES;
				CLANG_WARN_COMMA = YES;
				CLANG_WARN_CONSTANT_CONVERSION = YES;
				CLANG_WARN_DEPRECATED_OBJC_IMPLEMENTATIONS = YES;
				CLANG_WARN_DIRECT_OBJC_ISA_USAGE = YES_ERROR;
				CLANG_WARN_DOCUMENTATION_COMMENTS = YES;
				CLANG_WARN_EMPTY_BODY = YES;
				CLANG_WARN_ENUM_CONVERSION = YES;
				CLANG_WARN_INFINITE_RECURSION = YES;
				CLANG_WARN_INT_CONVERSION = YES;
				CLANG_WARN_NON_LITERAL_NULL_CONVERSION = YES;
				CLANG_WARN_OBJC_IMPLICIT_RETAIN_SELF = YES;
				CLANG_WARN_OBJC_LITERAL_CONVERSION = YES;
				CLANG_WARN_OBJC_ROOT_CLASS = YES_ERROR;
				CLANG_WARN_QUOTED_INCLUDE_IN_FRAMEWORK_HEADER = YES;
				CLANG_WARN_RANGE_LOOP_ANALYSIS = YES;
				CLANG_WARN_STRICT_PROTOTYPES = YES;
				CLANG_WARN_SUSPICIOUS_MOVE = YES;
				CLANG_WARN_UNGUARDED_AVAILABILITY = YES_AGGRESSIVE;
				CLANG_WARN_UNREACHABLE_CODE = YES;
				CLANG_WARN__DUPLICATE_METHOD_MATCH = YES;
				COPY_PHASE_STRIP = NO;
				DEBUG_INFORMATION_FORMAT = dwarf;
				ENABLE_STRICT_OBJC_MSGSEND = YES;
				ENABLE_TESTABILITY = YES;
				GCC_C_LANGUAGE_STANDARD = gnu11;
				GCC_DYNAMIC_NO_PIC = NO;
				GCC_NO_COMMON_BLOCKS = YES;
				GCC_OPTIMIZATION_LEVEL = 0;
				GCC_PREPROCESSOR_DEFINITIONS = (
					"DEBUG=1",
					"$(inherited)",
				);
				GCC_WARN_64_TO_32_BIT_CONVERSION = YES;
				GCC_WARN_ABOUT_RETURN_TYPE = YES_ERROR;
				GCC_WARN_UNDECLARED_SELECTOR = YES;
				GCC_WARN_UNINITIALIZED_AUTOS = YES_AGGRESSIVE;
				GCC_WARN_UNUSED_FUNCTION = YES;
				GCC_WARN_UNUSED_VARIABLE = YES;
				IPHONEOS_DEPLOYMENT_TARGET = 15.5;
				MTL_ENABLE_DEBUG_INFO = INCLUDE_SOURCE;
				MTL_FAST_MATH = YES;
				ONLY_ACTIVE_ARCH = YES;
				SDKROOT = iphoneos;
				SWIFT_ACTIVE_COMPILATION_CONDITIONS = DEBUG;
				SWIFT_OPTIMIZATION_LEVEL = "-Onone";
			};
			name = Debug;
		};
		BBCA86C22A8810FA0030B459 /* Release */ = {
			isa = XCBuildConfiguration;
			buildSettings = {
				ALWAYS_SEARCH_USER_PATHS = NO;
				CLANG_ANALYZER_NONNULL = YES;
				CLANG_ANALYZER_NUMBER_OBJECT_CONVERSION = YES_AGGRESSIVE;
				CLANG_CXX_LANGUAGE_STANDARD = "gnu++17";
				CLANG_ENABLE_MODULES = YES;
				CLANG_ENABLE_OBJC_ARC = YES;
				CLANG_ENABLE_OBJC_WEAK = YES;
				CLANG_WARN_BLOCK_CAPTURE_AUTORELEASING = YES;
				CLANG_WARN_BOOL_CONVERSION = YES;
				CLANG_WARN_COMMA = YES;
				CLANG_WARN_CONSTANT_CONVERSION = YES;
				CLANG_WARN_DEPRECATED_OBJC_IMPLEMENTATIONS = YES;
				CLANG_WARN_DIRECT_OBJC_ISA_USAGE = YES_ERROR;
				CLANG_WARN_DOCUMENTATION_COMMENTS = YES;
				CLANG_WARN_EMPTY_BODY = YES;
				CLANG_WARN_ENUM_CONVERSION = YES;
				CLANG_WARN_INFINITE_RECURSION = YES;
				CLANG_WARN_INT_CONVERSION = YES;
				CLANG_WARN_NON_LITERAL_NULL_CONVERSION = YES;
				CLANG_WARN_OBJC_IMPLICIT_RETAIN_SELF = YES;
				CLANG_WARN_OBJC_LITERAL_CONVERSION = YES;
				CLANG_WARN_OBJC_ROOT_CLASS = YES_ERROR;
				CLANG_WARN_QUOTED_INCLUDE_IN_FRAMEWORK_HEADER = YES;
				CLANG_WARN_RANGE_LOOP_ANALYSIS = YES;
				CLANG_WARN_STRICT_PROTOTYPES = YES;
				CLANG_WARN_SUSPICIOUS_MOVE = YES;
				CLANG_WARN_UNGUARDED_AVAILABILITY = YES_AGGRESSIVE;
				CLANG_WARN_UNREACHABLE_CODE = YES;
				CLANG_WARN__DUPLICATE_METHOD_MATCH = YES;
				COPY_PHASE_STRIP = NO;
				DEBUG_INFORMATION_FORMAT = "dwarf-with-dsym";
				ENABLE_NS_ASSERTIONS = NO;
				ENABLE_STRICT_OBJC_MSGSEND = YES;
				GCC_C_LANGUAGE_STANDARD = gnu11;
				GCC_NO_COMMON_BLOCKS = YES;
				GCC_WARN_64_TO_32_BIT_CONVERSION = YES;
				GCC_WARN_ABOUT_RETURN_TYPE = YES_ERROR;
				GCC_WARN_UNDECLARED_SELECTOR = YES;
				GCC_WARN_UNINITIALIZED_AUTOS = YES_AGGRESSIVE;
				GCC_WARN_UNUSED_FUNCTION = YES;
				GCC_WARN_UNUSED_VARIABLE = YES;
				IPHONEOS_DEPLOYMENT_TARGET = 15.5;
				MTL_ENABLE_DEBUG_INFO = NO;
				MTL_FAST_MATH = YES;
				SDKROOT = iphoneos;
				SWIFT_COMPILATION_MODE = wholemodule;
				SWIFT_OPTIMIZATION_LEVEL = "-O";
				VALIDATE_PRODUCT = YES;
			};
			name = Release;
		};
		BBCA86C42A8810FA0030B459 /* Debug */ = {
			isa = XCBuildConfiguration;
			buildSettings = {
				ASSETCATALOG_COMPILER_APPICON_NAME = AppIcon;
				ASSETCATALOG_COMPILER_GLOBAL_ACCENT_COLOR_NAME = AccentColor;
				CODE_SIGN_STYLE = Automatic;
				CURRENT_PROJECT_VERSION = 1;
				DEVELOPMENT_ASSET_PATHS = "\"To-Do.List/Preview Content\"";
				DEVELOPMENT_TEAM = 5799D5UMFC;
				ENABLE_PREVIEWS = YES;
				GENERATE_INFOPLIST_FILE = YES;
				INFOPLIST_KEY_UIApplicationSceneManifest_Generation = YES;
				INFOPLIST_KEY_UIApplicationSupportsIndirectInputEvents = YES;
				INFOPLIST_KEY_UILaunchScreen_Generation = YES;
				INFOPLIST_KEY_UISupportedInterfaceOrientations_iPad = "UIInterfaceOrientationPortrait UIInterfaceOrientationPortraitUpsideDown UIInterfaceOrientationLandscapeLeft UIInterfaceOrientationLandscapeRight";
				INFOPLIST_KEY_UISupportedInterfaceOrientations_iPhone = "UIInterfaceOrientationPortrait UIInterfaceOrientationLandscapeLeft UIInterfaceOrientationLandscapeRight";
				IPHONEOS_DEPLOYMENT_TARGET = 14.0;
				LD_RUNPATH_SEARCH_PATHS = (
					"$(inherited)",
					"@executable_path/Frameworks",
				);
				MARKETING_VERSION = 1.0;
				PRODUCT_BUNDLE_IDENTIFIER = "com.To-Do-List";
				PRODUCT_NAME = "$(TARGET_NAME)";
				SWIFT_EMIT_LOC_STRINGS = YES;
				SWIFT_VERSION = 5.0;
				TARGETED_DEVICE_FAMILY = "1,2";
			};
			name = Debug;
		};
		BBCA86C52A8810FA0030B459 /* Release */ = {
			isa = XCBuildConfiguration;
			buildSettings = {
				ASSETCATALOG_COMPILER_APPICON_NAME = AppIcon;
				ASSETCATALOG_COMPILER_GLOBAL_ACCENT_COLOR_NAME = AccentColor;
				CODE_SIGN_STYLE = Automatic;
				CURRENT_PROJECT_VERSION = 1;
				DEVELOPMENT_ASSET_PATHS = "\"To-Do.List/Preview Content\"";
				DEVELOPMENT_TEAM = 5799D5UMFC;
				ENABLE_PREVIEWS = YES;
				GENERATE_INFOPLIST_FILE = YES;
				INFOPLIST_KEY_UIApplicationSceneManifest_Generation = YES;
				INFOPLIST_KEY_UIApplicationSupportsIndirectInputEvents = YES;
				INFOPLIST_KEY_UILaunchScreen_Generation = YES;
				INFOPLIST_KEY_UISupportedInterfaceOrientations_iPad = "UIInterfaceOrientationPortrait UIInterfaceOrientationPortraitUpsideDown UIInterfaceOrientationLandscapeLeft UIInterfaceOrientationLandscapeRight";
				INFOPLIST_KEY_UISupportedInterfaceOrientations_iPhone = "UIInterfaceOrientationPortrait UIInterfaceOrientationLandscapeLeft UIInterfaceOrientationLandscapeRight";
				IPHONEOS_DEPLOYMENT_TARGET = 14.0;
				LD_RUNPATH_SEARCH_PATHS = (
					"$(inherited)",
					"@executable_path/Frameworks",
				);
				MARKETING_VERSION = 1.0;
				PRODUCT_BUNDLE_IDENTIFIER = "com.To-Do-List";
				PRODUCT_NAME = "$(TARGET_NAME)";
				SWIFT_EMIT_LOC_STRINGS = YES;
				SWIFT_VERSION = 5.0;
				TARGETED_DEVICE_FAMILY = "1,2";
			};
			name = Release;
		};
/* End XCBuildConfiguration section */

/* Begin XCConfigurationList section */
		BBCA86B02A8810FA0030B459 /* Build configuration list for PBXProject "To-Do.List" */ = {
			isa = XCConfigurationList;
			buildConfigurations = (
				BBCA86C12A8810FA0030B459 /* Debug */,
				BBCA86C22A8810FA0030B459 /* Release */,
			);
			defaultConfigurationIsVisible = 0;
			defaultConfigurationName = Release;
		};
		BBCA86C32A8810FA0030B459 /* Build configuration list for PBXNativeTarget "To-Do.List" */ = {
			isa = XCConfigurationList;
			buildConfigurations = (
				BBCA86C42A8810FA0030B459 /* Debug */,
				BBCA86C52A8810FA0030B459 /* Release */,
			);
			defaultConfigurationIsVisible = 0;
			defaultConfigurationName = Release;
		};
/* End XCConfigurationList section */
	};
	rootObject = BBCA86AD2A8810FA0030B459 /* Project object */;
}
